
Microsoft Visual Studio Solution File, Format Version 12.00
# Visual Studio Version 16
VisualStudioVersion = 16.0.29920.165
MinimumVisualStudioVersion = 10.0.40219.1
Project("{9A19103F-16F7-4668-BE54-9A1E7A4F7556}") = "AlexSplit", "AlexSplit\AlexSplit.csproj", "{BDD6435B-4F4C-4F2D-9055-A5FC8ED231FF}"
EndProject
Project("{9A19103F-16F7-4668-BE54-9A1E7A4F7556}") = "AlexSplit.Executor", "AlexSplit.Executor\AlexSplit.Executor.csproj", "{30D17050-B7DB-4E87-8D79-7D3113782191}"
EndProject
Global
	GlobalSection(SolutionConfigurationPlatforms) = preSolution
		Debug|Any CPU = Debug|Any CPU
		Release|Any CPU = Release|Any CPU
	EndGlobalSection
	GlobalSection(ProjectConfigurationPlatforms) = postSolution
		{BDD6435B-4F4C-4F2D-9055-A5FC8ED231FF}.Debug|Any CPU.ActiveCfg = Debug|Any CPU
		{BDD6435B-4F4C-4F2D-9055-A5FC8ED231FF}.Debug|Any CPU.Build.0 = Debug|Any CPU
		{BDD6435B-4F4C-4F2D-9055-A5FC8ED231FF}.Release|Any CPU.ActiveCfg = Release|Any CPU
		{BDD6435B-4F4C-4F2D-9055-A5FC8ED231FF}.Release|Any CPU.Build.0 = Release|Any CPU
		{30D17050-B7DB-4E87-8D79-7D3113782191}.Debug|Any CPU.ActiveCfg = Debug|Any CPU
		{30D17050-B7DB-4E87-8D79-7D3113782191}.Debug|Any CPU.Build.0 = Debug|Any CPU
		{30D17050-B7DB-4E87-8D79-7D3113782191}.Release|Any CPU.ActiveCfg = Release|Any CPU
		{30D17050-B7DB-4E87-8D79-7D3113782191}.Release|Any CPU.Build.0 = Release|Any CPU
	EndGlobalSection
	GlobalSection(SolutionProperties) = preSolution
		HideSolutionNode = FALSE
	EndGlobalSection
	GlobalSection(ExtensibilityGlobals) = postSolution
		SolutionGuid = {4D856583-E8B0-42DC-AD16-8EDEF54AA63E}
	EndGlobalSection
EndGlobal
